
Microsoft Visual Studio Solution File, Format Version 12.00
# Visual Studio Version 17
VisualStudioVersion = 17.1.32228.430
MinimumVisualStudioVersion = 10.0.40219.1
Project("{8BC9CEB8-8B4A-11D0-8D11-00A0C91BC942}") = "ThreadSynchronization", "ThreadSynchronization\ThreadSynchronization.vcxproj", "{B41B8A24-421F-4DBA-95F8-6E5BFE547D38}"
EndProject
Project("{8BC9CEB8-8B4A-11D0-8D11-00A0C91BC942}") = "WinInterlock", "WinInterlock\WinInterlock.vcxproj", "{2BC91EAA-4F90-48BB-9C79-FA6688C78C5D}"
EndProject
Project("{8BC9CEB8-8B4A-11D0-8D11-00A0C91BC942}") = "WinMutex", "WinMutex\WinMutex.vcxproj", "{627F2188-3873-498C-AC3D-810D1BC3F9CD}"
EndProject
Project("{8BC9CEB8-8B4A-11D0-8D11-00A0C91BC942}") = "WinEvent", "WinEvent\WinEvent.vcxproj", "{3D8BA7D5-13D0-4158-A7CF-AFB8980C667E}"
EndProject
Project("{8BC9CEB8-8B4A-11D0-8D11-00A0C91BC942}") = "WinSema", "WinSema\WinSema.vcxproj", "{61D06770-EECF-4565-968E-CB2CC9FC0168}"
EndProject
Project("{8BC9CEB8-8B4A-11D0-8D11-00A0C91BC942}") = "Demo_GroupChatServer", "Demo_GroupChatServer\Demo_GroupChatServer.vcxproj", "{29D49E4A-1DE8-4909-B369-0A8EE061BFA2}"
EndProject
Project("{8BC9CEB8-8B4A-11D0-8D11-00A0C91BC942}") = "Demo_GroupChatClient", "Demo_GroupChatClient\Demo_GroupChatClient.vcxproj", "{4A819736-0528-4A01-80B3-75AB32883EFB}"
EndProject
Project("{8BC9CEB8-8B4A-11D0-8D11-00A0C91BC942}") = "WinCriticalSection", "WinCriticalSection\WinCriticalSection.vcxproj", "{8DEBA5A7-6E14-40B0-9957-AD4E4A826986}"
EndProject
Project("{8BC9CEB8-8B4A-11D0-8D11-00A0C91BC942}") = "WinThreadDeadlock", "WinThreadDeadlock\WinThreadDeadlock.vcxproj", "{7571110D-E326-407B-93B3-6AA28E3E5D21}"
EndProject
Global
	GlobalSection(SolutionConfigurationPlatforms) = preSolution
		Debug|x64 = Debug|x64
		Debug|x86 = Debug|x86
		Release|x64 = Release|x64
		Release|x86 = Release|x86
	EndGlobalSection
	GlobalSection(ProjectConfigurationPlatforms) = postSolution
		{B41B8A24-421F-4DBA-95F8-6E5BFE547D38}.Debug|x64.ActiveCfg = Debug|x64
		{B41B8A24-421F-4DBA-95F8-6E5BFE547D38}.Debug|x64.Build.0 = Debug|x64
		{B41B8A24-421F-4DBA-95F8-6E5BFE547D38}.Debug|x86.ActiveCfg = Debug|Win32
		{B41B8A24-421F-4DBA-95F8-6E5BFE547D38}.Debug|x86.Build.0 = Debug|Win32
		{B41B8A24-421F-4DBA-95F8-6E5BFE547D38}.Release|x64.ActiveCfg = Release|x64
		{B41B8A24-421F-4DBA-95F8-6E5BFE547D38}.Release|x64.Build.0 = Release|x64
		{B41B8A24-421F-4DBA-95F8-6E5BFE547D38}.Release|x86.ActiveCfg = Release|Win32
		{B41B8A24-421F-4DBA-95F8-6E5BFE547D38}.Release|x86.Build.0 = Release|Win32
		{2BC91EAA-4F90-48BB-9C79-FA6688C78C5D}.Debug|x64.ActiveCfg = Debug|x64
		{2BC91EAA-4F90-48BB-9C79-FA6688C78C5D}.Debug|x64.Build.0 = Debug|x64
		{2BC91EAA-4F90-48BB-9C79-FA6688C78C5D}.Debug|x86.ActiveCfg = Debug|Win32
		{2BC91EAA-4F90-48BB-9C79-FA6688C78C5D}.Debug|x86.Build.0 = Debug|Win32
		{2BC91EAA-4F90-48BB-9C79-FA6688C78C5D}.Release|x64.ActiveCfg = Release|x64
		{2BC91EAA-4F90-48BB-9C79-FA6688C78C5D}.Release|x64.Build.0 = Release|x64
		{2BC91EAA-4F90-48BB-9C79-FA6688C78C5D}.Release|x86.ActiveCfg = Release|Win32
		{2BC91EAA-4F90-48BB-9C79-FA6688C78C5D}.Release|x86.Build.0 = Release|Win32
		{627F2188-3873-498C-AC3D-810D1BC3F9CD}.Debug|x64.ActiveCfg = Debug|x64
		{627F2188-3873-498C-AC3D-810D1BC3F9CD}.Debug|x64.Build.0 = Debug|x64
		{627F2188-3873-498C-AC3D-810D1BC3F9CD}.Debug|x86.ActiveCfg = Debug|Win32
		{627F2188-3873-498C-AC3D-810D1BC3F9CD}.Debug|x86.Build.0 = Debug|Win32
		{627F2188-3873-498C-AC3D-810D1BC3F9CD}.Release|x64.ActiveCfg = Release|x64
		{627F2188-3873-498C-AC3D-810D1BC3F9CD}.Release|x64.Build.0 = Release|x64
		{627F2188-3873-498C-AC3D-810D1BC3F9CD}.Release|x86.ActiveCfg = Release|Win32
		{627F2188-3873-498C-AC3D-810D1BC3F9CD}.Release|x86.Build.0 = Release|Win32
		{3D8BA7D5-13D0-4158-A7CF-AFB8980C667E}.Debug|x64.ActiveCfg = Debug|x64
		{3D8BA7D5-13D0-4158-A7CF-AFB8980C667E}.Debug|x64.Build.0 = Debug|x64
		{3D8BA7D5-13D0-4158-A7CF-AFB8980C667E}.Debug|x86.ActiveCfg = Debug|Win32
		{3D8BA7D5-13D0-4158-A7CF-AFB8980C667E}.Debug|x86.Build.0 = Debug|Win32
		{3D8BA7D5-13D0-4158-A7CF-AFB8980C667E}.Release|x64.ActiveCfg = Release|x64
		{3D8BA7D5-13D0-4158-A7CF-AFB8980C667E}.Release|x64.Build.0 = Release|x64
		{3D8BA7D5-13D0-4158-A7CF-AFB8980C667E}.Release|x86.ActiveCfg = Release|Win32
		{3D8BA7D5-13D0-4158-A7CF-AFB8980C667E}.Release|x86.Build.0 = Release|Win32
		{61D06770-EECF-4565-968E-CB2CC9FC0168}.Debug|x64.ActiveCfg = Debug|x64
		{61D06770-EECF-4565-968E-CB2CC9FC0168}.Debug|x64.Build.0 = Debug|x64
		{61D06770-EECF-4565-968E-CB2CC9FC0168}.Debug|x86.ActiveCfg = Debug|Win32
		{61D06770-EECF-4565-968E-CB2CC9FC0168}.Debug|x86.Build.0 = Debug|Win32
		{61D06770-EECF-4565-968E-CB2CC9FC0168}.Release|x64.ActiveCfg = Release|x64
		{61D06770-EECF-4565-968E-CB2CC9FC0168}.Release|x64.Build.0 = Release|x64
		{61D06770-EECF-4565-968E-CB2CC9FC0168}.Release|x86.ActiveCfg = Release|Win32
		{61D06770-EECF-4565-968E-CB2CC9FC0168}.Release|x86.Build.0 = Release|Win32
		{29D49E4A-1DE8-4909-B369-0A8EE061BFA2}.Debug|x64.ActiveCfg = Debug|x64
		{29D49E4A-1DE8-4909-B369-0A8EE061BFA2}.Debug|x64.Build.0 = Debug|x64
		{29D49E4A-1DE8-4909-B369-0A8EE061BFA2}.Debug|x86.ActiveCfg = Debug|Win32
		{29D49E4A-1DE8-4909-B369-0A8EE061BFA2}.Debug|x86.Build.0 = Debug|Win32
		{29D49E4A-1DE8-4909-B369-0A8EE061BFA2}.Release|x64.ActiveCfg = Release|x64
		{29D49E4A-1DE8-4909-B369-0A8EE061BFA2}.Release|x64.Build.0 = Release|x64
		{29D49E4A-1DE8-4909-B369-0A8EE061BFA2}.Release|x86.ActiveCfg = Release|Win32
		{29D49E4A-1DE8-4909-B369-0A8EE061BFA2}.Release|x86.Build.0 = Release|Win32
		{4A819736-0528-4A01-80B3-75AB32883EFB}.Debug|x64.ActiveCfg = Debug|x64
		{4A819736-0528-4A01-80B3-75AB32883EFB}.Debug|x64.Build.0 = Debug|x64
		{4A819736-0528-4A01-80B3-75AB32883EFB}.Debug|x86.ActiveCfg = Debug|Win32
		{4A819736-0528-4A01-80B3-75AB32883EFB}.Debug|x86.Build.0 = Debug|Win32
		{4A819736-0528-4A01-80B3-75AB32883EFB}.Release|x64.ActiveCfg = Release|x64
		{4A819736-0528-4A01-80B3-75AB32883EFB}.Release|x64.Build.0 = Release|x64
		{4A819736-0528-4A01-80B3-75AB32883EFB}.Release|x86.ActiveCfg = Release|Win32
		{4A819736-0528-4A01-80B3-75AB32883EFB}.Release|x86.Build.0 = Release|Win32
		{8DEBA5A7-6E14-40B0-9957-AD4E4A826986}.Debug|x64.ActiveCfg = Debug|x64
		{8DEBA5A7-6E14-40B0-9957-AD4E4A826986}.Debug|x64.Build.0 = Debug|x64
		{8DEBA5A7-6E14-40B0-9957-AD4E4A826986}.Debug|x86.ActiveCfg = Debug|Win32
		{8DEBA5A7-6E14-40B0-9957-AD4E4A826986}.Debug|x86.Build.0 = Debug|Win32
		{8DEBA5A7-6E14-40B0-9957-AD4E4A826986}.Release|x64.ActiveCfg = Release|x64
		{8DEBA5A7-6E14-40B0-9957-AD4E4A826986}.Release|x64.Build.0 = Release|x64
		{8DEBA5A7-6E14-40B0-9957-AD4E4A826986}.Release|x86.ActiveCfg = Release|Win32
		{8DEBA5A7-6E14-40B0-9957-AD4E4A826986}.Release|x86.Build.0 = Release|Win32
		{7571110D-E326-407B-93B3-6AA28E3E5D21}.Debug|x64.ActiveCfg = Debug|x64
		{7571110D-E326-407B-93B3-6AA28E3E5D21}.Debug|x64.Build.0 = Debug|x64
		{7571110D-E326-407B-93B3-6AA28E3E5D21}.Debug|x86.ActiveCfg = Debug|Win32
		{7571110D-E326-407B-93B3-6AA28E3E5D21}.Debug|x86.Build.0 = Debug|Win32
		{7571110D-E326-407B-93B3-6AA28E3E5D21}.Release|x64.ActiveCfg = Release|x64
		{7571110D-E326-407B-93B3-6AA28E3E5D21}.Release|x64.Build.0 = Release|x64
		{7571110D-E326-407B-93B3-6AA28E3E5D21}.Release|x86.ActiveCfg = Release|Win32
		{7571110D-E326-407B-93B3-6AA28E3E5D21}.Release|x86.Build.0 = Release|Win32
	EndGlobalSection
	GlobalSection(SolutionProperties) = preSolution
		HideSolutionNode = FALSE
	EndGlobalSection
	GlobalSection(ExtensibilityGlobals) = postSolution
		SolutionGuid = {36770F43-A876-4CC6-885A-C71E855C1B08}
	EndGlobalSection
EndGlobal
