
Microsoft Visual Studio Solution File, Format Version 12.00
# Visual Studio Version 17
VisualStudioVersion = 17.1.32228.430
MinimumVisualStudioVersion = 10.0.40219.1
Project("{8BC9CEB8-8B4A-11D0-8D11-00A0C91BC942}") = "Inheritance", "Inheritance\Inheritance.vcxproj", "{EF47D85A-FC11-40BC-9D36-04B1FED130AA}"
EndProject
Project("{8BC9CEB8-8B4A-11D0-8D11-00A0C91BC942}") = "object_model", "object_model\object_model.vcxproj", "{C7C0EAEC-273C-462E-A7B4-2660B138310E}"
EndProject
Project("{8BC9CEB8-8B4A-11D0-8D11-00A0C91BC942}") = "construction_and_deconstruction_in_Inheritance", "construction_and_deconstruction_in_Inheritance\construction_and_deconstruction_in_Inheritance.vcxproj", "{7C2B875B-FAB0-43DD-8AC7-F6DFC4BEF6AE}"
EndProject
Project("{8BC9CEB8-8B4A-11D0-8D11-00A0C91BC942}") = "members_with_the_same_name", "members_with_the_same_name\members_with_the_same_name.vcxproj", "{4015B94D-974F-4224-98DB-2D5B9DFBCB9C}"
EndProject
Project("{8BC9CEB8-8B4A-11D0-8D11-00A0C91BC942}") = "multiple_Inheritance", "multiple_Inheritance\multiple_Inheritance.vcxproj", "{04D98848-A4DE-431C-8029-4BD97C68767B}"
EndProject
Project("{8BC9CEB8-8B4A-11D0-8D11-00A0C91BC942}") = "inheritance_and_static", "inheritance_and_static\inheritance_and_static.vcxproj", "{CC2072C0-97CE-4BBA-8B60-EB4DB08AF867}"
EndProject
Project("{8BC9CEB8-8B4A-11D0-8D11-00A0C91BC942}") = "inhreitance_and_friend", "inhreitance_and_friend\inhreitance_and_friend.vcxproj", "{E6BFEAC6-57D2-4017-A881-2E906016B9A0}"
EndProject
Project("{8BC9CEB8-8B4A-11D0-8D11-00A0C91BC942}") = "diamond_inheritance", "diamond_inheritance\diamond_inheritance.vcxproj", "{F5395F81-493F-4280-B03F-A22FD4C990C5}"
EndProject
Project("{8BC9CEB8-8B4A-11D0-8D11-00A0C91BC942}") = "practice", "practice\practice.vcxproj", "{417A0B9A-0734-401B-B6A3-2CF3B669E502}"
EndProject
Global
	GlobalSection(SolutionConfigurationPlatforms) = preSolution
		Debug|x64 = Debug|x64
		Debug|x86 = Debug|x86
		Release|x64 = Release|x64
		Release|x86 = Release|x86
	EndGlobalSection
	GlobalSection(ProjectConfigurationPlatforms) = postSolution
		{EF47D85A-FC11-40BC-9D36-04B1FED130AA}.Debug|x64.ActiveCfg = Debug|x64
		{EF47D85A-FC11-40BC-9D36-04B1FED130AA}.Debug|x64.Build.0 = Debug|x64
		{EF47D85A-FC11-40BC-9D36-04B1FED130AA}.Debug|x86.ActiveCfg = Debug|Win32
		{EF47D85A-FC11-40BC-9D36-04B1FED130AA}.Debug|x86.Build.0 = Debug|Win32
		{EF47D85A-FC11-40BC-9D36-04B1FED130AA}.Release|x64.ActiveCfg = Release|x64
		{EF47D85A-FC11-40BC-9D36-04B1FED130AA}.Release|x64.Build.0 = Release|x64
		{EF47D85A-FC11-40BC-9D36-04B1FED130AA}.Release|x86.ActiveCfg = Release|Win32
		{EF47D85A-FC11-40BC-9D36-04B1FED130AA}.Release|x86.Build.0 = Release|Win32
		{C7C0EAEC-273C-462E-A7B4-2660B138310E}.Debug|x64.ActiveCfg = Debug|x64
		{C7C0EAEC-273C-462E-A7B4-2660B138310E}.Debug|x64.Build.0 = Debug|x64
		{C7C0EAEC-273C-462E-A7B4-2660B138310E}.Debug|x86.ActiveCfg = Debug|Win32
		{C7C0EAEC-273C-462E-A7B4-2660B138310E}.Debug|x86.Build.0 = Debug|Win32
		{C7C0EAEC-273C-462E-A7B4-2660B138310E}.Release|x64.ActiveCfg = Release|x64
		{C7C0EAEC-273C-462E-A7B4-2660B138310E}.Release|x64.Build.0 = Release|x64
		{C7C0EAEC-273C-462E-A7B4-2660B138310E}.Release|x86.ActiveCfg = Release|Win32
		{C7C0EAEC-273C-462E-A7B4-2660B138310E}.Release|x86.Build.0 = Release|Win32
		{7C2B875B-FAB0-43DD-8AC7-F6DFC4BEF6AE}.Debug|x64.ActiveCfg = Debug|x64
		{7C2B875B-FAB0-43DD-8AC7-F6DFC4BEF6AE}.Debug|x64.Build.0 = Debug|x64
		{7C2B875B-FAB0-43DD-8AC7-F6DFC4BEF6AE}.Debug|x86.ActiveCfg = Debug|Win32
		{7C2B875B-FAB0-43DD-8AC7-F6DFC4BEF6AE}.Debug|x86.Build.0 = Debug|Win32
		{7C2B875B-FAB0-43DD-8AC7-F6DFC4BEF6AE}.Release|x64.ActiveCfg = Release|x64
		{7C2B875B-FAB0-43DD-8AC7-F6DFC4BEF6AE}.Release|x64.Build.0 = Release|x64
		{7C2B875B-FAB0-43DD-8AC7-F6DFC4BEF6AE}.Release|x86.ActiveCfg = Release|Win32
		{7C2B875B-FAB0-43DD-8AC7-F6DFC4BEF6AE}.Release|x86.Build.0 = Release|Win32
		{4015B94D-974F-4224-98DB-2D5B9DFBCB9C}.Debug|x64.ActiveCfg = Debug|x64
		{4015B94D-974F-4224-98DB-2D5B9DFBCB9C}.Debug|x64.Build.0 = Debug|x64
		{4015B94D-974F-4224-98DB-2D5B9DFBCB9C}.Debug|x86.ActiveCfg = Debug|Win32
		{4015B94D-974F-4224-98DB-2D5B9DFBCB9C}.Debug|x86.Build.0 = Debug|Win32
		{4015B94D-974F-4224-98DB-2D5B9DFBCB9C}.Release|x64.ActiveCfg = Release|x64
		{4015B94D-974F-4224-98DB-2D5B9DFBCB9C}.Release|x64.Build.0 = Release|x64
		{4015B94D-974F-4224-98DB-2D5B9DFBCB9C}.Release|x86.ActiveCfg = Release|Win32
		{4015B94D-974F-4224-98DB-2D5B9DFBCB9C}.Release|x86.Build.0 = Release|Win32
		{04D98848-A4DE-431C-8029-4BD97C68767B}.Debug|x64.ActiveCfg = Debug|x64
		{04D98848-A4DE-431C-8029-4BD97C68767B}.Debug|x64.Build.0 = Debug|x64
		{04D98848-A4DE-431C-8029-4BD97C68767B}.Debug|x86.ActiveCfg = Debug|Win32
		{04D98848-A4DE-431C-8029-4BD97C68767B}.Debug|x86.Build.0 = Debug|Win32
		{04D98848-A4DE-431C-8029-4BD97C68767B}.Release|x64.ActiveCfg = Release|x64
		{04D98848-A4DE-431C-8029-4BD97C68767B}.Release|x64.Build.0 = Release|x64
		{04D98848-A4DE-431C-8029-4BD97C68767B}.Release|x86.ActiveCfg = Release|Win32
		{04D98848-A4DE-431C-8029-4BD97C68767B}.Release|x86.Build.0 = Release|Win32
		{CC2072C0-97CE-4BBA-8B60-EB4DB08AF867}.Debug|x64.ActiveCfg = Debug|x64
		{CC2072C0-97CE-4BBA-8B60-EB4DB08AF867}.Debug|x64.Build.0 = Debug|x64
		{CC2072C0-97CE-4BBA-8B60-EB4DB08AF867}.Debug|x86.ActiveCfg = Debug|Win32
		{CC2072C0-97CE-4BBA-8B60-EB4DB08AF867}.Debug|x86.Build.0 = Debug|Win32
		{CC2072C0-97CE-4BBA-8B60-EB4DB08AF867}.Release|x64.ActiveCfg = Release|x64
		{CC2072C0-97CE-4BBA-8B60-EB4DB08AF867}.Release|x64.Build.0 = Release|x64
		{CC2072C0-97CE-4BBA-8B60-EB4DB08AF867}.Release|x86.ActiveCfg = Release|Win32
		{CC2072C0-97CE-4BBA-8B60-EB4DB08AF867}.Release|x86.Build.0 = Release|Win32
		{E6BFEAC6-57D2-4017-A881-2E906016B9A0}.Debug|x64.ActiveCfg = Debug|x64
		{E6BFEAC6-57D2-4017-A881-2E906016B9A0}.Debug|x64.Build.0 = Debug|x64
		{E6BFEAC6-57D2-4017-A881-2E906016B9A0}.Debug|x86.ActiveCfg = Debug|Win32
		{E6BFEAC6-57D2-4017-A881-2E906016B9A0}.Debug|x86.Build.0 = Debug|Win32
		{E6BFEAC6-57D2-4017-A881-2E906016B9A0}.Release|x64.ActiveCfg = Release|x64
		{E6BFEAC6-57D2-4017-A881-2E906016B9A0}.Release|x64.Build.0 = Release|x64
		{E6BFEAC6-57D2-4017-A881-2E906016B9A0}.Release|x86.ActiveCfg = Release|Win32
		{E6BFEAC6-57D2-4017-A881-2E906016B9A0}.Release|x86.Build.0 = Release|Win32
		{F5395F81-493F-4280-B03F-A22FD4C990C5}.Debug|x64.ActiveCfg = Debug|Win32
		{F5395F81-493F-4280-B03F-A22FD4C990C5}.Debug|x64.Build.0 = Debug|Win32
		{F5395F81-493F-4280-B03F-A22FD4C990C5}.Debug|x86.ActiveCfg = Debug|Win32
		{F5395F81-493F-4280-B03F-A22FD4C990C5}.Debug|x86.Build.0 = Debug|Win32
		{F5395F81-493F-4280-B03F-A22FD4C990C5}.Release|x64.ActiveCfg = Release|x64
		{F5395F81-493F-4280-B03F-A22FD4C990C5}.Release|x64.Build.0 = Release|x64
		{F5395F81-493F-4280-B03F-A22FD4C990C5}.Release|x86.ActiveCfg = Release|Win32
		{F5395F81-493F-4280-B03F-A22FD4C990C5}.Release|x86.Build.0 = Release|Win32
		{417A0B9A-0734-401B-B6A3-2CF3B669E502}.Debug|x64.ActiveCfg = Debug|x64
		{417A0B9A-0734-401B-B6A3-2CF3B669E502}.Debug|x64.Build.0 = Debug|x64
		{417A0B9A-0734-401B-B6A3-2CF3B669E502}.Debug|x86.ActiveCfg = Debug|Win32
		{417A0B9A-0734-401B-B6A3-2CF3B669E502}.Debug|x86.Build.0 = Debug|Win32
		{417A0B9A-0734-401B-B6A3-2CF3B669E502}.Release|x64.ActiveCfg = Release|x64
		{417A0B9A-0734-401B-B6A3-2CF3B669E502}.Release|x64.Build.0 = Release|x64
		{417A0B9A-0734-401B-B6A3-2CF3B669E502}.Release|x86.ActiveCfg = Release|Win32
		{417A0B9A-0734-401B-B6A3-2CF3B669E502}.Release|x86.Build.0 = Release|Win32
	EndGlobalSection
	GlobalSection(SolutionProperties) = preSolution
		HideSolutionNode = FALSE
	EndGlobalSection
	GlobalSection(ExtensibilityGlobals) = postSolution
		SolutionGuid = {CD0D8239-05C6-4C8A-BA1C-4020AAF6AA24}
	EndGlobalSection
EndGlobal
