
Microsoft Visual Studio Solution File, Format Version 12.00
# Visual Studio Version 16
VisualStudioVersion = 16.0.34301.259
MinimumVisualStudioVersion = 10.0.40219.1
Project("{8BC9CEB8-8B4A-11D0-8D11-00A0C91BC942}") = "template", "template\template.vcxproj", "{B47B4EF2-8A8C-48E4-AD6E-396B2F391CBD}"
EndProject
Project("{8BC9CEB8-8B4A-11D0-8D11-00A0C91BC942}") = "difference_from_ordinary_functions", "difference_from_ordinary_functions\difference_from_ordinary_functions.vcxproj", "{07BCB091-E23A-4B3B-B19A-72A871B3A295}"
EndProject
Project("{8BC9CEB8-8B4A-11D0-8D11-00A0C91BC942}") = "template_specialization", "template_specialization\template_specialization.vcxproj", "{C6C59C41-3C20-4F06-9B92-CBB707500997}"
EndProject
Project("{8BC9CEB8-8B4A-11D0-8D11-00A0C91BC942}") = "class_template", "class_template\class_template.vcxproj", "{B30C9A40-4E50-4296-A367-C0D944113BD4}"
EndProject
Project("{8BC9CEB8-8B4A-11D0-8D11-00A0C91BC942}") = "application_of_class_template", "application_of_class_template\application_of_class_template.vcxproj", "{094927D1-E62D-44FB-A3D9-774947578436}"
EndProject
Project("{8BC9CEB8-8B4A-11D0-8D11-00A0C91BC942}") = "separation_compilation", "separation_compilation\separation_compilation.vcxproj", "{A90EF28C-AE65-41F6-A2A4-F5AA9F9216D7}"
EndProject
Project("{8BC9CEB8-8B4A-11D0-8D11-00A0C91BC942}") = "template_friend", "template_friend\template_friend.vcxproj", "{234EC878-CE8E-49C7-A7D5-2A6B8B1CE7CA}"
EndProject
Project("{8BC9CEB8-8B4A-11D0-8D11-00A0C91BC942}") = "template_demo_array", "template_demo_array\template_demo_array.vcxproj", "{3F525A95-4893-4B63-B8EA-C2201C7090BA}"
EndProject
Global
	GlobalSection(SolutionConfigurationPlatforms) = preSolution
		Debug|x64 = Debug|x64
		Debug|x86 = Debug|x86
		Release|x64 = Release|x64
		Release|x86 = Release|x86
	EndGlobalSection
	GlobalSection(ProjectConfigurationPlatforms) = postSolution
		{B47B4EF2-8A8C-48E4-AD6E-396B2F391CBD}.Debug|x64.ActiveCfg = Debug|x64
		{B47B4EF2-8A8C-48E4-AD6E-396B2F391CBD}.Debug|x64.Build.0 = Debug|x64
		{B47B4EF2-8A8C-48E4-AD6E-396B2F391CBD}.Debug|x86.ActiveCfg = Debug|Win32
		{B47B4EF2-8A8C-48E4-AD6E-396B2F391CBD}.Debug|x86.Build.0 = Debug|Win32
		{B47B4EF2-8A8C-48E4-AD6E-396B2F391CBD}.Release|x64.ActiveCfg = Release|x64
		{B47B4EF2-8A8C-48E4-AD6E-396B2F391CBD}.Release|x64.Build.0 = Release|x64
		{B47B4EF2-8A8C-48E4-AD6E-396B2F391CBD}.Release|x86.ActiveCfg = Release|Win32
		{B47B4EF2-8A8C-48E4-AD6E-396B2F391CBD}.Release|x86.Build.0 = Release|Win32
		{07BCB091-E23A-4B3B-B19A-72A871B3A295}.Debug|x64.ActiveCfg = Debug|x64
		{07BCB091-E23A-4B3B-B19A-72A871B3A295}.Debug|x64.Build.0 = Debug|x64
		{07BCB091-E23A-4B3B-B19A-72A871B3A295}.Debug|x86.ActiveCfg = Debug|Win32
		{07BCB091-E23A-4B3B-B19A-72A871B3A295}.Debug|x86.Build.0 = Debug|Win32
		{07BCB091-E23A-4B3B-B19A-72A871B3A295}.Release|x64.ActiveCfg = Release|x64
		{07BCB091-E23A-4B3B-B19A-72A871B3A295}.Release|x64.Build.0 = Release|x64
		{07BCB091-E23A-4B3B-B19A-72A871B3A295}.Release|x86.ActiveCfg = Release|Win32
		{07BCB091-E23A-4B3B-B19A-72A871B3A295}.Release|x86.Build.0 = Release|Win32
		{C6C59C41-3C20-4F06-9B92-CBB707500997}.Debug|x64.ActiveCfg = Debug|x64
		{C6C59C41-3C20-4F06-9B92-CBB707500997}.Debug|x64.Build.0 = Debug|x64
		{C6C59C41-3C20-4F06-9B92-CBB707500997}.Debug|x86.ActiveCfg = Debug|Win32
		{C6C59C41-3C20-4F06-9B92-CBB707500997}.Debug|x86.Build.0 = Debug|Win32
		{C6C59C41-3C20-4F06-9B92-CBB707500997}.Release|x64.ActiveCfg = Release|x64
		{C6C59C41-3C20-4F06-9B92-CBB707500997}.Release|x64.Build.0 = Release|x64
		{C6C59C41-3C20-4F06-9B92-CBB707500997}.Release|x86.ActiveCfg = Release|Win32
		{C6C59C41-3C20-4F06-9B92-CBB707500997}.Release|x86.Build.0 = Release|Win32
		{B30C9A40-4E50-4296-A367-C0D944113BD4}.Debug|x64.ActiveCfg = Debug|x64
		{B30C9A40-4E50-4296-A367-C0D944113BD4}.Debug|x64.Build.0 = Debug|x64
		{B30C9A40-4E50-4296-A367-C0D944113BD4}.Debug|x86.ActiveCfg = Debug|Win32
		{B30C9A40-4E50-4296-A367-C0D944113BD4}.Debug|x86.Build.0 = Debug|Win32
		{B30C9A40-4E50-4296-A367-C0D944113BD4}.Release|x64.ActiveCfg = Release|x64
		{B30C9A40-4E50-4296-A367-C0D944113BD4}.Release|x64.Build.0 = Release|x64
		{B30C9A40-4E50-4296-A367-C0D944113BD4}.Release|x86.ActiveCfg = Release|Win32
		{B30C9A40-4E50-4296-A367-C0D944113BD4}.Release|x86.Build.0 = Release|Win32
		{094927D1-E62D-44FB-A3D9-774947578436}.Debug|x64.ActiveCfg = Debug|x64
		{094927D1-E62D-44FB-A3D9-774947578436}.Debug|x64.Build.0 = Debug|x64
		{094927D1-E62D-44FB-A3D9-774947578436}.Debug|x86.ActiveCfg = Debug|Win32
		{094927D1-E62D-44FB-A3D9-774947578436}.Debug|x86.Build.0 = Debug|Win32
		{094927D1-E62D-44FB-A3D9-774947578436}.Release|x64.ActiveCfg = Release|x64
		{094927D1-E62D-44FB-A3D9-774947578436}.Release|x64.Build.0 = Release|x64
		{094927D1-E62D-44FB-A3D9-774947578436}.Release|x86.ActiveCfg = Release|Win32
		{094927D1-E62D-44FB-A3D9-774947578436}.Release|x86.Build.0 = Release|Win32
		{A90EF28C-AE65-41F6-A2A4-F5AA9F9216D7}.Debug|x64.ActiveCfg = Debug|x64
		{A90EF28C-AE65-41F6-A2A4-F5AA9F9216D7}.Debug|x64.Build.0 = Debug|x64
		{A90EF28C-AE65-41F6-A2A4-F5AA9F9216D7}.Debug|x86.ActiveCfg = Debug|Win32
		{A90EF28C-AE65-41F6-A2A4-F5AA9F9216D7}.Debug|x86.Build.0 = Debug|Win32
		{A90EF28C-AE65-41F6-A2A4-F5AA9F9216D7}.Release|x64.ActiveCfg = Release|x64
		{A90EF28C-AE65-41F6-A2A4-F5AA9F9216D7}.Release|x64.Build.0 = Release|x64
		{A90EF28C-AE65-41F6-A2A4-F5AA9F9216D7}.Release|x86.ActiveCfg = Release|Win32
		{A90EF28C-AE65-41F6-A2A4-F5AA9F9216D7}.Release|x86.Build.0 = Release|Win32
		{234EC878-CE8E-49C7-A7D5-2A6B8B1CE7CA}.Debug|x64.ActiveCfg = Debug|x64
		{234EC878-CE8E-49C7-A7D5-2A6B8B1CE7CA}.Debug|x64.Build.0 = Debug|x64
		{234EC878-CE8E-49C7-A7D5-2A6B8B1CE7CA}.Debug|x86.ActiveCfg = Debug|Win32
		{234EC878-CE8E-49C7-A7D5-2A6B8B1CE7CA}.Debug|x86.Build.0 = Debug|Win32
		{234EC878-CE8E-49C7-A7D5-2A6B8B1CE7CA}.Release|x64.ActiveCfg = Release|x64
		{234EC878-CE8E-49C7-A7D5-2A6B8B1CE7CA}.Release|x64.Build.0 = Release|x64
		{234EC878-CE8E-49C7-A7D5-2A6B8B1CE7CA}.Release|x86.ActiveCfg = Release|Win32
		{234EC878-CE8E-49C7-A7D5-2A6B8B1CE7CA}.Release|x86.Build.0 = Release|Win32
		{3F525A95-4893-4B63-B8EA-C2201C7090BA}.Debug|x64.ActiveCfg = Debug|x64
		{3F525A95-4893-4B63-B8EA-C2201C7090BA}.Debug|x64.Build.0 = Debug|x64
		{3F525A95-4893-4B63-B8EA-C2201C7090BA}.Debug|x86.ActiveCfg = Debug|Win32
		{3F525A95-4893-4B63-B8EA-C2201C7090BA}.Debug|x86.Build.0 = Debug|Win32
		{3F525A95-4893-4B63-B8EA-C2201C7090BA}.Release|x64.ActiveCfg = Release|x64
		{3F525A95-4893-4B63-B8EA-C2201C7090BA}.Release|x64.Build.0 = Release|x64
		{3F525A95-4893-4B63-B8EA-C2201C7090BA}.Release|x86.ActiveCfg = Release|Win32
		{3F525A95-4893-4B63-B8EA-C2201C7090BA}.Release|x86.Build.0 = Release|Win32
	EndGlobalSection
	GlobalSection(SolutionProperties) = preSolution
		HideSolutionNode = FALSE
	EndGlobalSection
	GlobalSection(ExtensibilityGlobals) = postSolution
		SolutionGuid = {6E71D9C2-ACF4-4A8C-ACE0-6A9A8CB6E9EF}
	EndGlobalSection
EndGlobal
