
Microsoft Visual Studio Solution File, Format Version 12.00
# Visual Studio Version 17
VisualStudioVersion = 17.1.32228.430
MinimumVisualStudioVersion = 10.0.40219.1
Project("{8BC9CEB8-8B4A-11D0-8D11-00A0C91BC942}") = "window_01", "window_01\window_01.vcxproj", "{B3BE98BA-3A92-4B57-BFF4-5337533D2324}"
EndProject
Project("{8BC9CEB8-8B4A-11D0-8D11-00A0C91BC942}") = "WinChar", "WinChar\WinChar.vcxproj", "{358617BC-2AB0-4F2A-829D-8B2AE41B30C2}"
EndProject
Project("{8BC9CEB8-8B4A-11D0-8D11-00A0C91BC942}") = "WinWindow", "WinWindow\WinWindow.vcxproj", "{EA88FB33-7980-4017-A2FB-6D1598452D76}"
EndProject
Project("{8BC9CEB8-8B4A-11D0-8D11-00A0C91BC942}") = "WinMsg", "WinMsg\WinMsg.vcxproj", "{91FC792E-2E7A-40C3-B3A2-D0C3D1B63EC2}"
EndProject
Project("{8BC9CEB8-8B4A-11D0-8D11-00A0C91BC942}") = "WInPaint", "WInPaint\WInPaint.vcxproj", "{283867CB-78B0-448A-AC42-B3C785B81516}"
EndProject
Project("{8BC9CEB8-8B4A-11D0-8D11-00A0C91BC942}") = "WinKey", "WInKey\WInKey.vcxproj", "{FFD09864-F831-4502-B157-E9E4689F5261}"
EndProject
Project("{8BC9CEB8-8B4A-11D0-8D11-00A0C91BC942}") = "WinMouse", "WinMouse\WinMouse.vcxproj", "{01366355-01C6-421B-953F-25117096B753}"
EndProject
Project("{8BC9CEB8-8B4A-11D0-8D11-00A0C91BC942}") = "WinTimer", "WinTimer\WinTimer.vcxproj", "{14FF1128-C571-474F-8E22-16F861EACBFF}"
EndProject
Project("{8BC9CEB8-8B4A-11D0-8D11-00A0C91BC942}") = "WinMenu", "WinMenu\WinMenu.vcxproj", "{03ED07B4-D638-4009-9DFC-BFB065034555}"
EndProject
Project("{8BC9CEB8-8B4A-11D0-8D11-00A0C91BC942}") = "WinResource", "WinResource\WinResource.vcxproj", "{02E86D36-F0FD-4BA7-9F1A-48CA661E9AE3}"
EndProject
Global
	GlobalSection(SolutionConfigurationPlatforms) = preSolution
		Debug|x64 = Debug|x64
		Debug|x86 = Debug|x86
		Release|x64 = Release|x64
		Release|x86 = Release|x86
	EndGlobalSection
	GlobalSection(ProjectConfigurationPlatforms) = postSolution
		{B3BE98BA-3A92-4B57-BFF4-5337533D2324}.Debug|x64.ActiveCfg = Debug|x64
		{B3BE98BA-3A92-4B57-BFF4-5337533D2324}.Debug|x64.Build.0 = Debug|x64
		{B3BE98BA-3A92-4B57-BFF4-5337533D2324}.Debug|x86.ActiveCfg = Debug|Win32
		{B3BE98BA-3A92-4B57-BFF4-5337533D2324}.Debug|x86.Build.0 = Debug|Win32
		{B3BE98BA-3A92-4B57-BFF4-5337533D2324}.Release|x64.ActiveCfg = Release|x64
		{B3BE98BA-3A92-4B57-BFF4-5337533D2324}.Release|x64.Build.0 = Release|x64
		{B3BE98BA-3A92-4B57-BFF4-5337533D2324}.Release|x86.ActiveCfg = Release|Win32
		{B3BE98BA-3A92-4B57-BFF4-5337533D2324}.Release|x86.Build.0 = Release|Win32
		{358617BC-2AB0-4F2A-829D-8B2AE41B30C2}.Debug|x64.ActiveCfg = Debug|x64
		{358617BC-2AB0-4F2A-829D-8B2AE41B30C2}.Debug|x64.Build.0 = Debug|x64
		{358617BC-2AB0-4F2A-829D-8B2AE41B30C2}.Debug|x86.ActiveCfg = Debug|Win32
		{358617BC-2AB0-4F2A-829D-8B2AE41B30C2}.Debug|x86.Build.0 = Debug|Win32
		{358617BC-2AB0-4F2A-829D-8B2AE41B30C2}.Release|x64.ActiveCfg = Release|x64
		{358617BC-2AB0-4F2A-829D-8B2AE41B30C2}.Release|x64.Build.0 = Release|x64
		{358617BC-2AB0-4F2A-829D-8B2AE41B30C2}.Release|x86.ActiveCfg = Release|Win32
		{358617BC-2AB0-4F2A-829D-8B2AE41B30C2}.Release|x86.Build.0 = Release|Win32
		{EA88FB33-7980-4017-A2FB-6D1598452D76}.Debug|x64.ActiveCfg = Debug|x64
		{EA88FB33-7980-4017-A2FB-6D1598452D76}.Debug|x64.Build.0 = Debug|x64
		{EA88FB33-7980-4017-A2FB-6D1598452D76}.Debug|x86.ActiveCfg = Debug|Win32
		{EA88FB33-7980-4017-A2FB-6D1598452D76}.Debug|x86.Build.0 = Debug|Win32
		{EA88FB33-7980-4017-A2FB-6D1598452D76}.Release|x64.ActiveCfg = Release|x64
		{EA88FB33-7980-4017-A2FB-6D1598452D76}.Release|x64.Build.0 = Release|x64
		{EA88FB33-7980-4017-A2FB-6D1598452D76}.Release|x86.ActiveCfg = Release|Win32
		{EA88FB33-7980-4017-A2FB-6D1598452D76}.Release|x86.Build.0 = Release|Win32
		{91FC792E-2E7A-40C3-B3A2-D0C3D1B63EC2}.Debug|x64.ActiveCfg = Debug|x64
		{91FC792E-2E7A-40C3-B3A2-D0C3D1B63EC2}.Debug|x64.Build.0 = Debug|x64
		{91FC792E-2E7A-40C3-B3A2-D0C3D1B63EC2}.Debug|x86.ActiveCfg = Debug|Win32
		{91FC792E-2E7A-40C3-B3A2-D0C3D1B63EC2}.Debug|x86.Build.0 = Debug|Win32
		{91FC792E-2E7A-40C3-B3A2-D0C3D1B63EC2}.Release|x64.ActiveCfg = Release|x64
		{91FC792E-2E7A-40C3-B3A2-D0C3D1B63EC2}.Release|x64.Build.0 = Release|x64
		{91FC792E-2E7A-40C3-B3A2-D0C3D1B63EC2}.Release|x86.ActiveCfg = Release|Win32
		{91FC792E-2E7A-40C3-B3A2-D0C3D1B63EC2}.Release|x86.Build.0 = Release|Win32
		{283867CB-78B0-448A-AC42-B3C785B81516}.Debug|x64.ActiveCfg = Debug|x64
		{283867CB-78B0-448A-AC42-B3C785B81516}.Debug|x64.Build.0 = Debug|x64
		{283867CB-78B0-448A-AC42-B3C785B81516}.Debug|x86.ActiveCfg = Debug|Win32
		{283867CB-78B0-448A-AC42-B3C785B81516}.Debug|x86.Build.0 = Debug|Win32
		{283867CB-78B0-448A-AC42-B3C785B81516}.Release|x64.ActiveCfg = Release|x64
		{283867CB-78B0-448A-AC42-B3C785B81516}.Release|x64.Build.0 = Release|x64
		{283867CB-78B0-448A-AC42-B3C785B81516}.Release|x86.ActiveCfg = Release|Win32
		{283867CB-78B0-448A-AC42-B3C785B81516}.Release|x86.Build.0 = Release|Win32
		{FFD09864-F831-4502-B157-E9E4689F5261}.Debug|x64.ActiveCfg = Debug|x64
		{FFD09864-F831-4502-B157-E9E4689F5261}.Debug|x64.Build.0 = Debug|x64
		{FFD09864-F831-4502-B157-E9E4689F5261}.Debug|x86.ActiveCfg = Debug|Win32
		{FFD09864-F831-4502-B157-E9E4689F5261}.Debug|x86.Build.0 = Debug|Win32
		{FFD09864-F831-4502-B157-E9E4689F5261}.Release|x64.ActiveCfg = Release|x64
		{FFD09864-F831-4502-B157-E9E4689F5261}.Release|x64.Build.0 = Release|x64
		{FFD09864-F831-4502-B157-E9E4689F5261}.Release|x86.ActiveCfg = Release|Win32
		{FFD09864-F831-4502-B157-E9E4689F5261}.Release|x86.Build.0 = Release|Win32
		{01366355-01C6-421B-953F-25117096B753}.Debug|x64.ActiveCfg = Debug|x64
		{01366355-01C6-421B-953F-25117096B753}.Debug|x64.Build.0 = Debug|x64
		{01366355-01C6-421B-953F-25117096B753}.Debug|x86.ActiveCfg = Debug|Win32
		{01366355-01C6-421B-953F-25117096B753}.Debug|x86.Build.0 = Debug|Win32
		{01366355-01C6-421B-953F-25117096B753}.Release|x64.ActiveCfg = Release|x64
		{01366355-01C6-421B-953F-25117096B753}.Release|x64.Build.0 = Release|x64
		{01366355-01C6-421B-953F-25117096B753}.Release|x86.ActiveCfg = Release|Win32
		{01366355-01C6-421B-953F-25117096B753}.Release|x86.Build.0 = Release|Win32
		{14FF1128-C571-474F-8E22-16F861EACBFF}.Debug|x64.ActiveCfg = Debug|x64
		{14FF1128-C571-474F-8E22-16F861EACBFF}.Debug|x64.Build.0 = Debug|x64
		{14FF1128-C571-474F-8E22-16F861EACBFF}.Debug|x86.ActiveCfg = Debug|Win32
		{14FF1128-C571-474F-8E22-16F861EACBFF}.Debug|x86.Build.0 = Debug|Win32
		{14FF1128-C571-474F-8E22-16F861EACBFF}.Release|x64.ActiveCfg = Release|x64
		{14FF1128-C571-474F-8E22-16F861EACBFF}.Release|x64.Build.0 = Release|x64
		{14FF1128-C571-474F-8E22-16F861EACBFF}.Release|x86.ActiveCfg = Release|Win32
		{14FF1128-C571-474F-8E22-16F861EACBFF}.Release|x86.Build.0 = Release|Win32
		{03ED07B4-D638-4009-9DFC-BFB065034555}.Debug|x64.ActiveCfg = Debug|x64
		{03ED07B4-D638-4009-9DFC-BFB065034555}.Debug|x64.Build.0 = Debug|x64
		{03ED07B4-D638-4009-9DFC-BFB065034555}.Debug|x86.ActiveCfg = Debug|Win32
		{03ED07B4-D638-4009-9DFC-BFB065034555}.Debug|x86.Build.0 = Debug|Win32
		{03ED07B4-D638-4009-9DFC-BFB065034555}.Release|x64.ActiveCfg = Release|x64
		{03ED07B4-D638-4009-9DFC-BFB065034555}.Release|x64.Build.0 = Release|x64
		{03ED07B4-D638-4009-9DFC-BFB065034555}.Release|x86.ActiveCfg = Release|Win32
		{03ED07B4-D638-4009-9DFC-BFB065034555}.Release|x86.Build.0 = Release|Win32
		{02E86D36-F0FD-4BA7-9F1A-48CA661E9AE3}.Debug|x64.ActiveCfg = Debug|x64
		{02E86D36-F0FD-4BA7-9F1A-48CA661E9AE3}.Debug|x64.Build.0 = Debug|x64
		{02E86D36-F0FD-4BA7-9F1A-48CA661E9AE3}.Debug|x86.ActiveCfg = Debug|Win32
		{02E86D36-F0FD-4BA7-9F1A-48CA661E9AE3}.Debug|x86.Build.0 = Debug|Win32
		{02E86D36-F0FD-4BA7-9F1A-48CA661E9AE3}.Release|x64.ActiveCfg = Release|x64
		{02E86D36-F0FD-4BA7-9F1A-48CA661E9AE3}.Release|x64.Build.0 = Release|x64
		{02E86D36-F0FD-4BA7-9F1A-48CA661E9AE3}.Release|x86.ActiveCfg = Release|Win32
		{02E86D36-F0FD-4BA7-9F1A-48CA661E9AE3}.Release|x86.Build.0 = Release|Win32
	EndGlobalSection
	GlobalSection(SolutionProperties) = preSolution
		HideSolutionNode = FALSE
	EndGlobalSection
	GlobalSection(ExtensibilityGlobals) = postSolution
		SolutionGuid = {6D8BB02B-BB6E-4F13-BFFE-F67BFFE64A77}
	EndGlobalSection
EndGlobal
